
Microsoft Visual Studio Solution File, Format Version 12.00
# Visual Studio Version 17
VisualStudioVersion = 17.2.32630.192
MinimumVisualStudioVersion = 10.0.40219.1
Project("{FAE04EC0-301F-11D3-BF4B-00C04F79EFBC}") = "Problema18", "Problema18\Problema18.csproj", "{04FCEA64-A0A9-4436-8304-9DB071C7BFDB}"
EndProject
Global
	GlobalSection(SolutionConfigurationPlatforms) = preSolution
		Debug|Any CPU = Debug|Any CPU
		Release|Any CPU = Release|Any CPU
	EndGlobalSection
	GlobalSection(ProjectConfigurationPlatforms) = postSolution
		{04FCEA64-A0A9-4436-8304-9DB071C7BFDB}.Debug|Any CPU.ActiveCfg = Debug|Any CPU
		{04FCEA64-A0A9-4436-8304-9DB071C7BFDB}.Debug|Any CPU.Build.0 = Debug|Any CPU
		{04FCEA64-A0A9-4436-8304-9DB071C7BFDB}.Release|Any CPU.ActiveCfg = Release|Any CPU
		{04FCEA64-A0A9-4436-8304-9DB071C7BFDB}.Release|Any CPU.Build.0 = Release|Any CPU
	EndGlobalSection
	GlobalSection(SolutionProperties) = preSolution
		HideSolutionNode = FALSE
	EndGlobalSection
	GlobalSection(ExtensibilityGlobals) = postSolution
		SolutionGuid = {83B39376-1985-418E-9091-CABB9A0DD5E0}
	EndGlobalSection
EndGlobal
