
Microsoft Visual Studio Solution File, Format Version 12.00
# Visual Studio Version 17
VisualStudioVersion = 17.2.32630.192
MinimumVisualStudioVersion = 10.0.40219.1
Project("{FAE04EC0-301F-11D3-BF4B-00C04F79EFBC}") = "Problema6", "Problema6\Problema6.csproj", "{541D6E82-0264-4086-8A72-D2340E07E908}"
EndProject
Global
	GlobalSection(SolutionConfigurationPlatforms) = preSolution
		Debug|Any CPU = Debug|Any CPU
		Release|Any CPU = Release|Any CPU
	EndGlobalSection
	GlobalSection(ProjectConfigurationPlatforms) = postSolution
		{541D6E82-0264-4086-8A72-D2340E07E908}.Debug|Any CPU.ActiveCfg = Debug|Any CPU
		{541D6E82-0264-4086-8A72-D2340E07E908}.Debug|Any CPU.Build.0 = Debug|Any CPU
		{541D6E82-0264-4086-8A72-D2340E07E908}.Release|Any CPU.ActiveCfg = Release|Any CPU
		{541D6E82-0264-4086-8A72-D2340E07E908}.Release|Any CPU.Build.0 = Release|Any CPU
	EndGlobalSection
	GlobalSection(SolutionProperties) = preSolution
		HideSolutionNode = FALSE
	EndGlobalSection
	GlobalSection(ExtensibilityGlobals) = postSolution
		SolutionGuid = {A06FCC04-522F-43AE-910F-913C3F1096BF}
	EndGlobalSection
EndGlobal
