
Microsoft Visual Studio Solution File, Format Version 12.00
# Visual Studio Version 17
VisualStudioVersion = 17.2.32630.192
MinimumVisualStudioVersion = 10.0.40219.1
Project("{FAE04EC0-301F-11D3-BF4B-00C04F79EFBC}") = "Problema14", "Problema14\Problema14.csproj", "{3DB9FCB0-9F38-47F3-A0C7-35010ABAF17A}"
EndProject
Global
	GlobalSection(SolutionConfigurationPlatforms) = preSolution
		Debug|Any CPU = Debug|Any CPU
		Release|Any CPU = Release|Any CPU
	EndGlobalSection
	GlobalSection(ProjectConfigurationPlatforms) = postSolution
		{3DB9FCB0-9F38-47F3-A0C7-35010ABAF17A}.Debug|Any CPU.ActiveCfg = Debug|Any CPU
		{3DB9FCB0-9F38-47F3-A0C7-35010ABAF17A}.Debug|Any CPU.Build.0 = Debug|Any CPU
		{3DB9FCB0-9F38-47F3-A0C7-35010ABAF17A}.Release|Any CPU.ActiveCfg = Release|Any CPU
		{3DB9FCB0-9F38-47F3-A0C7-35010ABAF17A}.Release|Any CPU.Build.0 = Release|Any CPU
	EndGlobalSection
	GlobalSection(SolutionProperties) = preSolution
		HideSolutionNode = FALSE
	EndGlobalSection
	GlobalSection(ExtensibilityGlobals) = postSolution
		SolutionGuid = {06B339E7-7619-406C-80CE-8A3FE487330D}
	EndGlobalSection
EndGlobal
