
Microsoft Visual Studio Solution File, Format Version 12.00
# Visual Studio Version 17
VisualStudioVersion = 17.2.32630.192
MinimumVisualStudioVersion = 10.0.40219.1
Project("{FAE04EC0-301F-11D3-BF4B-00C04F79EFBC}") = "Problema13", "Problema13\Problema13.csproj", "{D85CC1E1-E5CA-490F-81DF-B96E0B9F5473}"
EndProject
Global
	GlobalSection(SolutionConfigurationPlatforms) = preSolution
		Debug|Any CPU = Debug|Any CPU
		Release|Any CPU = Release|Any CPU
	EndGlobalSection
	GlobalSection(ProjectConfigurationPlatforms) = postSolution
		{D85CC1E1-E5CA-490F-81DF-B96E0B9F5473}.Debug|Any CPU.ActiveCfg = Debug|Any CPU
		{D85CC1E1-E5CA-490F-81DF-B96E0B9F5473}.Debug|Any CPU.Build.0 = Debug|Any CPU
		{D85CC1E1-E5CA-490F-81DF-B96E0B9F5473}.Release|Any CPU.ActiveCfg = Release|Any CPU
		{D85CC1E1-E5CA-490F-81DF-B96E0B9F5473}.Release|Any CPU.Build.0 = Release|Any CPU
	EndGlobalSection
	GlobalSection(SolutionProperties) = preSolution
		HideSolutionNode = FALSE
	EndGlobalSection
	GlobalSection(ExtensibilityGlobals) = postSolution
		SolutionGuid = {39AEDDDF-D9C6-4B96-8818-FD06068D5988}
	EndGlobalSection
EndGlobal
